
Microsoft Visual Studio Solution File, Format Version 12.00
# Visual Studio Version 17
VisualStudioVersion = 17.5.33627.172
MinimumVisualStudioVersion = 10.0.40219.1
Project("{8BC9CEB8-8B4A-11D0-8D11-00A0C91BC942}") = "GitHubtest", "GitHubtest\GitHubtest.vcxproj", "{D3037DBF-FCBA-4E82-BF29-0FEAE4C5B82B}"
EndProject
Global
	GlobalSection(SolutionConfigurationPlatforms) = preSolution
		Debug|x64 = Debug|x64
		Debug|x86 = Debug|x86
		Release|x64 = Release|x64
		Release|x86 = Release|x86
	EndGlobalSection
	GlobalSection(ProjectConfigurationPlatforms) = postSolution
		{D3037DBF-FCBA-4E82-BF29-0FEAE4C5B82B}.Debug|x64.ActiveCfg = Debug|x64
		{D3037DBF-FCBA-4E82-BF29-0FEAE4C5B82B}.Debug|x64.Build.0 = Debug|x64
		{D3037DBF-FCBA-4E82-BF29-0FEAE4C5B82B}.Debug|x86.ActiveCfg = Debug|Win32
		{D3037DBF-FCBA-4E82-BF29-0FEAE4C5B82B}.Debug|x86.Build.0 = Debug|Win32
		{D3037DBF-FCBA-4E82-BF29-0FEAE4C5B82B}.Release|x64.ActiveCfg = Release|x64
		{D3037DBF-FCBA-4E82-BF29-0FEAE4C5B82B}.Release|x64.Build.0 = Release|x64
		{D3037DBF-FCBA-4E82-BF29-0FEAE4C5B82B}.Release|x86.ActiveCfg = Release|Win32
		{D3037DBF-FCBA-4E82-BF29-0FEAE4C5B82B}.Release|x86.Build.0 = Release|Win32
	EndGlobalSection
	GlobalSection(SolutionProperties) = preSolution
		HideSolutionNode = FALSE
	EndGlobalSection
	GlobalSection(ExtensibilityGlobals) = postSolution
		SolutionGuid = {2261EF1D-991C-4D2B-BC6D-D3AA8DA2D981}
	EndGlobalSection
EndGlobal
